{
  "nodes": {
    "flake-utils": {
      "inputs": {
        "systems": "systems"
      },
      "locked": {
        "lastModified": 1731533236,
        "narHash": "sha256-l0KFg5HjrsfsO/JpG+r7fRrqm12kzFHyUHqHCVpMMbI=",
        "owner": "numtide",
        "repo": "flake-utils",
        "rev": "11707dc2f618dd54ca8739b309ec4fc024de578b",
        "type": "github"
      },
      "original": {
        "owner": "numtide",
        "repo": "flake-utils",
        "type": "github"
      }
    },
    "home-manager": {
      "inputs": {
        "nixpkgs": [
          "nixpkgs"
        ]
      },
      "locked": {
        "lastModified": 1782351518,
        "narHash": "sha256-Zpru9rHGAKqssZm/HxXgPdEDywNXchYBCuoJ6ZXYgdw=",
        "owner": "nix-community",
        "repo": "home-manager",
        "rev": "a9232b8b1004a4fca3f188951a53dc6322303659",
        "type": "github"
      },
      "original": {
        "owner": "nix-community",
        "repo": "home-manager",
        "type": "github"
      }
    },
    "nixpkgs": {
      "locked": {
        "lastModified": 1782116945,
        "narHash": "sha256-G3tw/IXmaH6IQ2upZvhuN9sG8CkuX+BLuJDpE8hz0Ds=",
        "owner": "NixOS",
        "repo": "nixpkgs",
        "rev": "34268251cf5547d39063f2c5ea9a196246f7f3a6",
        "type": "github"
      },
      "original": {
        "owner": "NixOS",
        "ref": "nixos-26.05",
        "repo": "nixpkgs",
        "type": "github"
      }
    },
    "nixpkgs_neofetch": {
      "locked": {
        "lastModified": 1782188297,
        "narHash": "sha256-imdcA5fgbHK259bhHlyiiSr7bMY1AZ6onOWDdAcydc4=",
        "owner": "NixOS",
        "repo": "nixpkgs",
        "rev": "9a1a7dbb18f0eb31c49b031babb8def7eab0af54",
        "type": "github"
      },
      "original": {
        "owner": "NixOS",
        "ref": "nixos-25.11",
        "repo": "nixpkgs",
        "type": "github"
      }
    },
    "root": {
      "inputs": {
        "flake-utils": "flake-utils",
        "home-manager": "home-manager",
        "nixpkgs": "nixpkgs",
        "nixpkgs_neofetch": "nixpkgs_neofetch",
        "unstable": "unstable"
      }
    },
    "systems": {
      "locked": {
        "lastModified": 1681028828,
        "narHash": "sha256-Vy1rq5AaRuLzOxct8nz4T6wlgyUR7zLU309k9mBC768=",
        "owner": "nix-systems",
        "repo": "default",
        "rev": "da67096a3b9bf56a91d16901293e51ba5b49a27e",
        "type": "github"
      },
      "original": {
        "owner": "nix-systems",
        "repo": "default",
        "type": "github"
      }
    },
    "unstable": {
      "locked": {
        "lastModified": 1782175435,
        "narHash": "sha256-EMzXKmnOtBQ2MnvpiNOm7E+kOMvdPrIKaeg52Tip2Uk=",
        "owner": "NixOS",
        "repo": "nixpkgs",
        "rev": "89570f24e97e614aa34aa9ab1c927b6578a43775",
        "type": "github"
      },
      "original": {
        "owner": "NixOS",
        "ref": "nixpkgs-unstable",
        "repo": "nixpkgs",
        "type": "github"
      }
    }
  },
  "root": "root",
  "version": 7
}
