{
  "nodes": {
    "flake-utils": {
      "inputs": {
        "systems": "systems"
      },
      "locked": {
        "lastModified": 1731533236,
        "narHash": "sha256-l0KFg5HjrsfsO/JpG+r7fRrqm12kzFHyUHqHCVpMMbI=",
        "owner": "numtide",
        "repo": "flake-utils",
        "rev": "11707dc2f618dd54ca8739b309ec4fc024de578b",
        "type": "github"
      },
      "original": {
        "owner": "numtide",
        "repo": "flake-utils",
        "type": "github"
      }
    },
    "home-manager": {
      "inputs": {
        "nixpkgs": [
          "nixpkgs"
        ]
      },
      "locked": {
        "lastModified": 1781102921,
        "narHash": "sha256-RnV6ngnudMp9tmfl9Wyrjnk84NkkzbJpuJKQ7bp0wHE=",
        "owner": "nix-community",
        "repo": "home-manager",
        "rev": "74887eaee2995bbdba1f0fbd64e43c1d14a86eca",
        "type": "github"
      },
      "original": {
        "owner": "nix-community",
        "repo": "home-manager",
        "type": "github"
      }
    },
    "nixpkgs": {
      "locked": {
        "lastModified": 1780902259,
        "narHash": "sha256-q8yYEC5f1mFlQO9RGna4LTc9QrcvWunX6FYp83munkQ=",
        "owner": "NixOS",
        "repo": "nixpkgs",
        "rev": "bd0ff2d3eac24699c3664d5966b9ef36f388e2ca",
        "type": "github"
      },
      "original": {
        "owner": "NixOS",
        "ref": "nixos-26.05",
        "repo": "nixpkgs",
        "type": "github"
      }
    },
    "nixpkgs_neofetch": {
      "locked": {
        "lastModified": 1780952837,
        "narHash": "sha256-Fwd1+spDtQ0hDyBwme6ufG3n4mY0UrjjFdYHv+G/Hds=",
        "owner": "NixOS",
        "repo": "nixpkgs",
        "rev": "e820eb4a444b46a19b2e03e8dfd2359439ff30fe",
        "type": "github"
      },
      "original": {
        "owner": "NixOS",
        "ref": "nixos-25.11",
        "repo": "nixpkgs",
        "type": "github"
      }
    },
    "root": {
      "inputs": {
        "flake-utils": "flake-utils",
        "home-manager": "home-manager",
        "nixpkgs": "nixpkgs",
        "nixpkgs_neofetch": "nixpkgs_neofetch",
        "unstable": "unstable"
      }
    },
    "systems": {
      "locked": {
        "lastModified": 1681028828,
        "narHash": "sha256-Vy1rq5AaRuLzOxct8nz4T6wlgyUR7zLU309k9mBC768=",
        "owner": "nix-systems",
        "repo": "default",
        "rev": "da67096a3b9bf56a91d16901293e51ba5b49a27e",
        "type": "github"
      },
      "original": {
        "owner": "nix-systems",
        "repo": "default",
        "type": "github"
      }
    },
    "unstable": {
      "locked": {
        "lastModified": 1780930886,
        "narHash": "sha256-rppURzHviaQN131F+nLiLdGfcb0uCd9gGP0E5+iw9MI=",
        "owner": "NixOS",
        "repo": "nixpkgs",
        "rev": "8c3cede7ddc26bd659d2d383b5610efbd2c7a16e",
        "type": "github"
      },
      "original": {
        "owner": "NixOS",
        "ref": "nixpkgs-unstable",
        "repo": "nixpkgs",
        "type": "github"
      }
    }
  },
  "root": "root",
  "version": 7
}
